
Microsoft Visual Studio Solution File, Format Version 12.00
# Visual Studio Version 16
VisualStudioVersion = 16.0.30907.101
MinimumVisualStudioVersion = 10.0.40219.1
Project("{9A19103F-16F7-4668-BE54-9A1E7A4F7556}") = "Kampintro", "Kampintro\Kampintro.csproj", "{9A257087-3734-4EC9-8DD4-3307B09E3A8A}"
EndProject
Project("{9A19103F-16F7-4668-BE54-9A1E7A4F7556}") = "Donguler", "Donguler\Donguler.csproj", "{9A3AEE0A-B4DB-4068-81E7-72D0CDDDA8AD}"
EndProject
Project("{9A19103F-16F7-4668-BE54-9A1E7A4F7556}") = "ClassIntro", "ClassIntro\ClassIntro.csproj", "{C2326B81-2283-453A-8582-60213F2DEE5C}"
EndProject
Project("{9A19103F-16F7-4668-BE54-9A1E7A4F7556}") = "Metotlar", "Metotlar\Metotlar.csproj", "{1AA9893C-7D76-437F-9937-B52EBE1FF1E8}"
EndProject
Project("{9A19103F-16F7-4668-BE54-9A1E7A4F7556}") = "Matematik", "Matematik\Matematik.csproj", "{BCCD8CEB-58C0-4CB4-B19C-19A40B374B47}"
EndProject
Project("{9A19103F-16F7-4668-BE54-9A1E7A4F7556}") = "DegerVeReferansTipler", "DegerVeReferansTipler\DegerVeReferansTipler.csproj", "{175EC7A6-3C51-43EF-B8E8-83DEE207D60F}"
EndProject
Project("{9A19103F-16F7-4668-BE54-9A1E7A4F7556}") = "OOP1", "OOP1\OOP1.csproj", "{17387B75-B6E3-48FD-AFB3-4119242CA1C3}"
EndProject
Project("{FAE04EC0-301F-11D3-BF4B-00C04F79EFBC}") = "GenericsIntro", "GenericsIntro\GenericsIntro.csproj", "{25AB7EFC-39A9-4E7B-A68C-9724539E98D6}"
EndProject
Global
	GlobalSection(SolutionConfigurationPlatforms) = preSolution
		Debug|Any CPU = Debug|Any CPU
		Release|Any CPU = Release|Any CPU
	EndGlobalSection
	GlobalSection(ProjectConfigurationPlatforms) = postSolution
		{9A257087-3734-4EC9-8DD4-3307B09E3A8A}.Debug|Any CPU.ActiveCfg = Debug|Any CPU
		{9A257087-3734-4EC9-8DD4-3307B09E3A8A}.Debug|Any CPU.Build.0 = Debug|Any CPU
		{9A257087-3734-4EC9-8DD4-3307B09E3A8A}.Release|Any CPU.ActiveCfg = Release|Any CPU
		{9A257087-3734-4EC9-8DD4-3307B09E3A8A}.Release|Any CPU.Build.0 = Release|Any CPU
		{9A3AEE0A-B4DB-4068-81E7-72D0CDDDA8AD}.Debug|Any CPU.ActiveCfg = Debug|Any CPU
		{9A3AEE0A-B4DB-4068-81E7-72D0CDDDA8AD}.Debug|Any CPU.Build.0 = Debug|Any CPU
		{9A3AEE0A-B4DB-4068-81E7-72D0CDDDA8AD}.Release|Any CPU.ActiveCfg = Release|Any CPU
		{9A3AEE0A-B4DB-4068-81E7-72D0CDDDA8AD}.Release|Any CPU.Build.0 = Release|Any CPU
		{C2326B81-2283-453A-8582-60213F2DEE5C}.Debug|Any CPU.ActiveCfg = Debug|Any CPU
		{C2326B81-2283-453A-8582-60213F2DEE5C}.Debug|Any CPU.Build.0 = Debug|Any CPU
		{C2326B81-2283-453A-8582-60213F2DEE5C}.Release|Any CPU.ActiveCfg = Release|Any CPU
		{C2326B81-2283-453A-8582-60213F2DEE5C}.Release|Any CPU.Build.0 = Release|Any CPU
		{1AA9893C-7D76-437F-9937-B52EBE1FF1E8}.Debug|Any CPU.ActiveCfg = Debug|Any CPU
		{1AA9893C-7D76-437F-9937-B52EBE1FF1E8}.Debug|Any CPU.Build.0 = Debug|Any CPU
		{1AA9893C-7D76-437F-9937-B52EBE1FF1E8}.Release|Any CPU.ActiveCfg = Release|Any CPU
		{1AA9893C-7D76-437F-9937-B52EBE1FF1E8}.Release|Any CPU.Build.0 = Release|Any CPU
		{BCCD8CEB-58C0-4CB4-B19C-19A40B374B47}.Debug|Any CPU.ActiveCfg = Debug|Any CPU
		{BCCD8CEB-58C0-4CB4-B19C-19A40B374B47}.Debug|Any CPU.Build.0 = Debug|Any CPU
		{BCCD8CEB-58C0-4CB4-B19C-19A40B374B47}.Release|Any CPU.ActiveCfg = Release|Any CPU
		{BCCD8CEB-58C0-4CB4-B19C-19A40B374B47}.Release|Any CPU.Build.0 = Release|Any CPU
		{175EC7A6-3C51-43EF-B8E8-83DEE207D60F}.Debug|Any CPU.ActiveCfg = Debug|Any CPU
		{175EC7A6-3C51-43EF-B8E8-83DEE207D60F}.Debug|Any CPU.Build.0 = Debug|Any CPU
		{175EC7A6-3C51-43EF-B8E8-83DEE207D60F}.Release|Any CPU.ActiveCfg = Release|Any CPU
		{175EC7A6-3C51-43EF-B8E8-83DEE207D60F}.Release|Any CPU.Build.0 = Release|Any CPU
		{17387B75-B6E3-48FD-AFB3-4119242CA1C3}.Debug|Any CPU.ActiveCfg = Debug|Any CPU
		{17387B75-B6E3-48FD-AFB3-4119242CA1C3}.Debug|Any CPU.Build.0 = Debug|Any CPU
		{17387B75-B6E3-48FD-AFB3-4119242CA1C3}.Release|Any CPU.ActiveCfg = Release|Any CPU
		{17387B75-B6E3-48FD-AFB3-4119242CA1C3}.Release|Any CPU.Build.0 = Release|Any CPU
		{25AB7EFC-39A9-4E7B-A68C-9724539E98D6}.Debug|Any CPU.ActiveCfg = Debug|Any CPU
		{25AB7EFC-39A9-4E7B-A68C-9724539E98D6}.Debug|Any CPU.Build.0 = Debug|Any CPU
		{25AB7EFC-39A9-4E7B-A68C-9724539E98D6}.Release|Any CPU.ActiveCfg = Release|Any CPU
		{25AB7EFC-39A9-4E7B-A68C-9724539E98D6}.Release|Any CPU.Build.0 = Release|Any CPU
	EndGlobalSection
	GlobalSection(SolutionProperties) = preSolution
		HideSolutionNode = FALSE
	EndGlobalSection
	GlobalSection(ExtensibilityGlobals) = postSolution
		SolutionGuid = {826578A9-DED9-4399-91DC-85D7A2DEDB52}
	EndGlobalSection
EndGlobal
